
Microsoft Visual Studio Solution File, Format Version 12.00
# Visual Studio 14
VisualStudioVersion = 14.0.25420.1
MinimumVisualStudioVersion = 10.0.40219.1
Project("{FAE04EC0-301F-11D3-BF4B-00C04F79EFBC}") = "pbx_msmq_integration", "msmq_integration\pbx_msmq_integration.csproj", "{69120FCD-1B89-4354-97DC-97358CFBE386}"
EndProject
Project("{FAE04EC0-301F-11D3-BF4B-00C04F79EFBC}") = "msmq_base_support", "msmq_base_support\msmq_base_support.csproj", "{221878D9-17E8-4196-BA5C-0DD502337DAB}"
EndProject
Project("{FAE04EC0-301F-11D3-BF4B-00C04F79EFBC}") = "pbx_lib", "pbx_lib\pbx_lib.csproj", "{A519CA01-FCD5-4059-9686-2779E62BB1CF}"
EndProject
Project("{FAE04EC0-301F-11D3-BF4B-00C04F79EFBC}") = "pbx_web", "pbx_web\pbx_web.csproj", "{761C282C-8FFB-4B16-8867-16415C920E9A}"
EndProject
Project("{FAE04EC0-301F-11D3-BF4B-00C04F79EFBC}") = "pbx_shared", "pbx_shared\pbx_shared.csproj", "{252EE2BD-AB6B-4496-BCA0-87811564B7CE}"
EndProject
Project("{FAE04EC0-301F-11D3-BF4B-00C04F79EFBC}") = "pbx_signalr", "pbx_signalr\pbx_signalr.csproj", "{3AB5F900-2D39-439E-BD7B-6ACFE702FE4D}"
EndProject
Global
	GlobalSection(SolutionConfigurationPlatforms) = preSolution
		Debug|Any CPU = Debug|Any CPU
		Debug|Mixed Platforms = Debug|Mixed Platforms
		Debug|Win32 = Debug|Win32
		Release|Any CPU = Release|Any CPU
		Release|Mixed Platforms = Release|Mixed Platforms
		Release|Win32 = Release|Win32
	EndGlobalSection
	GlobalSection(ProjectConfigurationPlatforms) = postSolution
		{69120FCD-1B89-4354-97DC-97358CFBE386}.Debug|Any CPU.ActiveCfg = Debug|Any CPU
		{69120FCD-1B89-4354-97DC-97358CFBE386}.Debug|Any CPU.Build.0 = Debug|Any CPU
		{69120FCD-1B89-4354-97DC-97358CFBE386}.Debug|Mixed Platforms.ActiveCfg = Debug|Any CPU
		{69120FCD-1B89-4354-97DC-97358CFBE386}.Debug|Mixed Platforms.Build.0 = Debug|Any CPU
		{69120FCD-1B89-4354-97DC-97358CFBE386}.Debug|Win32.ActiveCfg = Debug|Any CPU
		{69120FCD-1B89-4354-97DC-97358CFBE386}.Release|Any CPU.ActiveCfg = Release|Any CPU
		{69120FCD-1B89-4354-97DC-97358CFBE386}.Release|Any CPU.Build.0 = Release|Any CPU
		{69120FCD-1B89-4354-97DC-97358CFBE386}.Release|Mixed Platforms.ActiveCfg = Release|Any CPU
		{69120FCD-1B89-4354-97DC-97358CFBE386}.Release|Mixed Platforms.Build.0 = Release|Any CPU
		{69120FCD-1B89-4354-97DC-97358CFBE386}.Release|Win32.ActiveCfg = Release|Any CPU
		{221878D9-17E8-4196-BA5C-0DD502337DAB}.Debug|Any CPU.ActiveCfg = Debug|Any CPU
		{221878D9-17E8-4196-BA5C-0DD502337DAB}.Debug|Any CPU.Build.0 = Debug|Any CPU
		{221878D9-17E8-4196-BA5C-0DD502337DAB}.Debug|Mixed Platforms.ActiveCfg = Debug|Any CPU
		{221878D9-17E8-4196-BA5C-0DD502337DAB}.Debug|Mixed Platforms.Build.0 = Debug|Any CPU
		{221878D9-17E8-4196-BA5C-0DD502337DAB}.Debug|Win32.ActiveCfg = Debug|Any CPU
		{221878D9-17E8-4196-BA5C-0DD502337DAB}.Release|Any CPU.ActiveCfg = Release|Any CPU
		{221878D9-17E8-4196-BA5C-0DD502337DAB}.Release|Any CPU.Build.0 = Release|Any CPU
		{221878D9-17E8-4196-BA5C-0DD502337DAB}.Release|Mixed Platforms.ActiveCfg = Release|Any CPU
		{221878D9-17E8-4196-BA5C-0DD502337DAB}.Release|Mixed Platforms.Build.0 = Release|Any CPU
		{221878D9-17E8-4196-BA5C-0DD502337DAB}.Release|Win32.ActiveCfg = Release|Any CPU
		{A519CA01-FCD5-4059-9686-2779E62BB1CF}.Debug|Any CPU.ActiveCfg = Debug|Any CPU
		{A519CA01-FCD5-4059-9686-2779E62BB1CF}.Debug|Any CPU.Build.0 = Debug|Any CPU
		{A519CA01-FCD5-4059-9686-2779E62BB1CF}.Debug|Mixed Platforms.ActiveCfg = Debug|Any CPU
		{A519CA01-FCD5-4059-9686-2779E62BB1CF}.Debug|Mixed Platforms.Build.0 = Debug|Any CPU
		{A519CA01-FCD5-4059-9686-2779E62BB1CF}.Debug|Win32.ActiveCfg = Debug|Any CPU
		{A519CA01-FCD5-4059-9686-2779E62BB1CF}.Debug|Win32.Build.0 = Debug|Any CPU
		{A519CA01-FCD5-4059-9686-2779E62BB1CF}.Release|Any CPU.ActiveCfg = Release|Any CPU
		{A519CA01-FCD5-4059-9686-2779E62BB1CF}.Release|Any CPU.Build.0 = Release|Any CPU
		{A519CA01-FCD5-4059-9686-2779E62BB1CF}.Release|Mixed Platforms.ActiveCfg = Release|Any CPU
		{A519CA01-FCD5-4059-9686-2779E62BB1CF}.Release|Mixed Platforms.Build.0 = Release|Any CPU
		{A519CA01-FCD5-4059-9686-2779E62BB1CF}.Release|Win32.ActiveCfg = Release|Any CPU
		{A519CA01-FCD5-4059-9686-2779E62BB1CF}.Release|Win32.Build.0 = Release|Any CPU
		{761C282C-8FFB-4B16-8867-16415C920E9A}.Debug|Any CPU.ActiveCfg = Debug|Any CPU
		{761C282C-8FFB-4B16-8867-16415C920E9A}.Debug|Any CPU.Build.0 = Debug|Any CPU
		{761C282C-8FFB-4B16-8867-16415C920E9A}.Debug|Mixed Platforms.ActiveCfg = Debug|Any CPU
		{761C282C-8FFB-4B16-8867-16415C920E9A}.Debug|Mixed Platforms.Build.0 = Debug|Any CPU
		{761C282C-8FFB-4B16-8867-16415C920E9A}.Debug|Win32.ActiveCfg = Debug|Any CPU
		{761C282C-8FFB-4B16-8867-16415C920E9A}.Debug|Win32.Build.0 = Debug|Any CPU
		{761C282C-8FFB-4B16-8867-16415C920E9A}.Release|Any CPU.ActiveCfg = Release|Any CPU
		{761C282C-8FFB-4B16-8867-16415C920E9A}.Release|Any CPU.Build.0 = Release|Any CPU
		{761C282C-8FFB-4B16-8867-16415C920E9A}.Release|Mixed Platforms.ActiveCfg = Release|Any CPU
		{761C282C-8FFB-4B16-8867-16415C920E9A}.Release|Mixed Platforms.Build.0 = Release|Any CPU
		{761C282C-8FFB-4B16-8867-16415C920E9A}.Release|Win32.ActiveCfg = Release|Any CPU
		{761C282C-8FFB-4B16-8867-16415C920E9A}.Release|Win32.Build.0 = Release|Any CPU
		{252EE2BD-AB6B-4496-BCA0-87811564B7CE}.Debug|Any CPU.ActiveCfg = Debug|Any CPU
		{252EE2BD-AB6B-4496-BCA0-87811564B7CE}.Debug|Any CPU.Build.0 = Debug|Any CPU
		{252EE2BD-AB6B-4496-BCA0-87811564B7CE}.Debug|Mixed Platforms.ActiveCfg = Debug|Any CPU
		{252EE2BD-AB6B-4496-BCA0-87811564B7CE}.Debug|Mixed Platforms.Build.0 = Debug|Any CPU
		{252EE2BD-AB6B-4496-BCA0-87811564B7CE}.Debug|Win32.ActiveCfg = Debug|Any CPU
		{252EE2BD-AB6B-4496-BCA0-87811564B7CE}.Debug|Win32.Build.0 = Debug|Any CPU
		{252EE2BD-AB6B-4496-BCA0-87811564B7CE}.Release|Any CPU.ActiveCfg = Release|Any CPU
		{252EE2BD-AB6B-4496-BCA0-87811564B7CE}.Release|Any CPU.Build.0 = Release|Any CPU
		{252EE2BD-AB6B-4496-BCA0-87811564B7CE}.Release|Mixed Platforms.ActiveCfg = Release|Any CPU
		{252EE2BD-AB6B-4496-BCA0-87811564B7CE}.Release|Mixed Platforms.Build.0 = Release|Any CPU
		{252EE2BD-AB6B-4496-BCA0-87811564B7CE}.Release|Win32.ActiveCfg = Release|Any CPU
		{252EE2BD-AB6B-4496-BCA0-87811564B7CE}.Release|Win32.Build.0 = Release|Any CPU
		{3AB5F900-2D39-439E-BD7B-6ACFE702FE4D}.Debug|Any CPU.ActiveCfg = Debug|Any CPU
		{3AB5F900-2D39-439E-BD7B-6ACFE702FE4D}.Debug|Any CPU.Build.0 = Debug|Any CPU
		{3AB5F900-2D39-439E-BD7B-6ACFE702FE4D}.Debug|Mixed Platforms.ActiveCfg = Debug|Any CPU
		{3AB5F900-2D39-439E-BD7B-6ACFE702FE4D}.Debug|Mixed Platforms.Build.0 = Debug|Any CPU
		{3AB5F900-2D39-439E-BD7B-6ACFE702FE4D}.Debug|Win32.ActiveCfg = Debug|Any CPU
		{3AB5F900-2D39-439E-BD7B-6ACFE702FE4D}.Debug|Win32.Build.0 = Debug|Any CPU
		{3AB5F900-2D39-439E-BD7B-6ACFE702FE4D}.Release|Any CPU.ActiveCfg = Release|Any CPU
		{3AB5F900-2D39-439E-BD7B-6ACFE702FE4D}.Release|Any CPU.Build.0 = Release|Any CPU
		{3AB5F900-2D39-439E-BD7B-6ACFE702FE4D}.Release|Mixed Platforms.ActiveCfg = Release|Any CPU
		{3AB5F900-2D39-439E-BD7B-6ACFE702FE4D}.Release|Mixed Platforms.Build.0 = Release|Any CPU
		{3AB5F900-2D39-439E-BD7B-6ACFE702FE4D}.Release|Win32.ActiveCfg = Release|Any CPU
		{3AB5F900-2D39-439E-BD7B-6ACFE702FE4D}.Release|Win32.Build.0 = Release|Any CPU
	EndGlobalSection
	GlobalSection(SolutionProperties) = preSolution
		HideSolutionNode = FALSE
	EndGlobalSection
EndGlobal
